
Microsoft Visual Studio Solution File, Format Version 12.00
# Visual Studio 15
VisualStudioVersion = 15.0.28307.645
MinimumVisualStudioVersion = 10.0.40219.1
Project("{FAE04EC0-301F-11D3-BF4B-00C04F79EFBC}") = "200404320karan", "200404320karan\200404320karan.csproj", "{17A9F26C-E21D-4735-B94C-B68C1537B5B1}"
EndProject
Global
	GlobalSection(SolutionConfigurationPlatforms) = preSolution
		Debug|Any CPU = Debug|Any CPU
		Release|Any CPU = Release|Any CPU
	EndGlobalSection
	GlobalSection(ProjectConfigurationPlatforms) = postSolution
		{17A9F26C-E21D-4735-B94C-B68C1537B5B1}.Debug|Any CPU.ActiveCfg = Debug|Any CPU
		{17A9F26C-E21D-4735-B94C-B68C1537B5B1}.Debug|Any CPU.Build.0 = Debug|Any CPU
		{17A9F26C-E21D-4735-B94C-B68C1537B5B1}.Release|Any CPU.ActiveCfg = Release|Any CPU
		{17A9F26C-E21D-4735-B94C-B68C1537B5B1}.Release|Any CPU.Build.0 = Release|Any CPU
	EndGlobalSection
	GlobalSection(SolutionProperties) = preSolution
		HideSolutionNode = FALSE
	EndGlobalSection
	GlobalSection(ExtensibilityGlobals) = postSolution
		SolutionGuid = {CC675F59-A5E7-426E-A194-D30BBEDFB9A6}
	EndGlobalSection
EndGlobal
